
Microsoft Visual Studio Solution File, Format Version 12.00
# Visual Studio Version 16
VisualStudioVersion = 16.0.30804.86
MinimumVisualStudioVersion = 10.0.40219.1
Project("{FAE04EC0-301F-11D3-BF4B-00C04F79EFBC}") = "SinemaBiletOtomasyonu", "SinemaBiletOtomasyonu\SinemaBiletOtomasyonu.csproj", "{5DA8C65C-B357-4107-9577-FAB3149A1C40}"
EndProject
Global
	GlobalSection(SolutionConfigurationPlatforms) = preSolution
		Debug|Any CPU = Debug|Any CPU
		Release|Any CPU = Release|Any CPU
	EndGlobalSection
	GlobalSection(ProjectConfigurationPlatforms) = postSolution
		{5DA8C65C-B357-4107-9577-FAB3149A1C40}.Debug|Any CPU.ActiveCfg = Debug|Any CPU
		{5DA8C65C-B357-4107-9577-FAB3149A1C40}.Debug|Any CPU.Build.0 = Debug|Any CPU
		{5DA8C65C-B357-4107-9577-FAB3149A1C40}.Release|Any CPU.ActiveCfg = Release|Any CPU
		{5DA8C65C-B357-4107-9577-FAB3149A1C40}.Release|Any CPU.Build.0 = Release|Any CPU
	EndGlobalSection
	GlobalSection(SolutionProperties) = preSolution
		HideSolutionNode = FALSE
	EndGlobalSection
	GlobalSection(ExtensibilityGlobals) = postSolution
		SolutionGuid = {672DBEFA-9F75-435C-8E6E-1499B6738027}
	EndGlobalSection
EndGlobal
